
Microsoft Visual Studio Solution File, Format Version 12.00
# Visual Studio Version 17
VisualStudioVersion = 17.9.34607.119
MinimumVisualStudioVersion = 10.0.40219.1
Project("{8BC9CEB8-8B4A-11D0-8D11-00A0C91BC942}") = "laba5", "laba5\laba5.vcxproj", "{85988988-1FBA-4B74-B08D-56B32E6EB2BF}"
EndProject
Global
	GlobalSection(SolutionConfigurationPlatforms) = preSolution
		Debug|x64 = Debug|x64
		Debug|x86 = Debug|x86
		Release|x64 = Release|x64
		Release|x86 = Release|x86
	EndGlobalSection
	GlobalSection(ProjectConfigurationPlatforms) = postSolution
		{85988988-1FBA-4B74-B08D-56B32E6EB2BF}.Debug|x64.ActiveCfg = Debug|x64
		{85988988-1FBA-4B74-B08D-56B32E6EB2BF}.Debug|x64.Build.0 = Debug|x64
		{85988988-1FBA-4B74-B08D-56B32E6EB2BF}.Debug|x86.ActiveCfg = Debug|Win32
		{85988988-1FBA-4B74-B08D-56B32E6EB2BF}.Debug|x86.Build.0 = Debug|Win32
		{85988988-1FBA-4B74-B08D-56B32E6EB2BF}.Release|x64.ActiveCfg = Release|x64
		{85988988-1FBA-4B74-B08D-56B32E6EB2BF}.Release|x64.Build.0 = Release|x64
		{85988988-1FBA-4B74-B08D-56B32E6EB2BF}.Release|x86.ActiveCfg = Release|Win32
		{85988988-1FBA-4B74-B08D-56B32E6EB2BF}.Release|x86.Build.0 = Release|Win32
	EndGlobalSection
	GlobalSection(SolutionProperties) = preSolution
		HideSolutionNode = FALSE
	EndGlobalSection
	GlobalSection(ExtensibilityGlobals) = postSolution
		SolutionGuid = {B39D19E8-7A4A-4918-8049-897932D87C08}
	EndGlobalSection
EndGlobal
